{
    "name": "cocos-build-template",
    "version": "1.0.0",
    "lockfileVersion": 2,
    "requires": true,
    "packages": {
        "": {
            "version": "1.0.0",
            "dependencies": {
                "@types/fs-extra": "^5.0.4",
                "@types/node": "^14.5.2"
            }
        },
        "node_modules/@types/fs-extra": {
            "version": "5.1.0",
            "resolved": "https://registry.npmjs.org/@types/fs-extra/-/fs-extra-5.1.0.tgz",
            "integrity": "sha512-AInn5+UBFIK9FK5xc9yP5e3TQSPNNgjHByqYcj9g5elVBnDQcQL7PlO1CIRy2gWlbwK7UPYqi7vRvFA44dCmYQ==",
            "dependencies": {
                "@types/node": "*"
            }
        },
        "node_modules/@types/node": {
            "version": "14.17.9",
            "resolved": "https://registry.npmjs.org/@types/node/-/node-14.17.9.tgz",
            "integrity": "sha512-CMjgRNsks27IDwI785YMY0KLt3co/c0cQ5foxHYv/shC2w8oOnVwz5Ubq1QG5KzrcW+AXk6gzdnxIkDnTvzu3g=="
        }
    },
    "dependencies": {
        "@types/fs-extra": {
            "version": "5.1.0",
            "resolved": "https://registry.npmjs.org/@types/fs-extra/-/fs-extra-5.1.0.tgz",
            "integrity": "sha512-AInn5+UBFIK9FK5xc9yP5e3TQSPNNgjHByqYcj9g5elVBnDQcQL7PlO1CIRy2gWlbwK7UPYqi7vRvFA44dCmYQ==",
            "requires": {
                "@types/node": "*"
            }
        },
        "@types/node": {
            "version": "14.17.9",
            "resolved": "https://registry.npmjs.org/@types/node/-/node-14.17.9.tgz",
            "integrity": "sha512-CMjgRNsks27IDwI785YMY0KLt3co/c0cQ5foxHYv/shC2w8oOnVwz5Ubq1QG5KzrcW+AXk6gzdnxIkDnTvzu3g=="
        }
    }
}
